
Microsoft Visual Studio Solution File, Format Version 12.00
# Visual Studio Version 16
VisualStudioVersion = 16.0.30406.217
MinimumVisualStudioVersion = 10.0.40219.1
Project("{FAE04EC0-301F-11D3-BF4B-00C04F79EFBC}") = "tgBot", "tgBot.csproj", "{5F1DF1E0-E23B-4B4C-A8C0-3CCBB11E9860}"
EndProject
Global
	GlobalSection(SolutionConfigurationPlatforms) = preSolution
		Debug|Any CPU = Debug|Any CPU
		Release|Any CPU = Release|Any CPU
	EndGlobalSection
	GlobalSection(ProjectConfigurationPlatforms) = postSolution
		{5F1DF1E0-E23B-4B4C-A8C0-3CCBB11E9860}.Debug|Any CPU.ActiveCfg = Debug|Any CPU
		{5F1DF1E0-E23B-4B4C-A8C0-3CCBB11E9860}.Debug|Any CPU.Build.0 = Debug|Any CPU
		{5F1DF1E0-E23B-4B4C-A8C0-3CCBB11E9860}.Release|Any CPU.ActiveCfg = Release|Any CPU
		{5F1DF1E0-E23B-4B4C-A8C0-3CCBB11E9860}.Release|Any CPU.Build.0 = Release|Any CPU
	EndGlobalSection
	GlobalSection(SolutionProperties) = preSolution
		HideSolutionNode = FALSE
	EndGlobalSection
	GlobalSection(ExtensibilityGlobals) = postSolution
		SolutionGuid = {FC2DE4ED-5F08-4F61-AD4E-FA10500E269E}
	EndGlobalSection
EndGlobal
